
Microsoft Visual Studio Solution File, Format Version 12.00
# Visual Studio 2012
Project("{FAE04EC0-301F-11D3-BF4B-00C04F79EFBC}") = "BMICalculator", "BMICalculator\BMICalculator.csproj", "{4C2AF16C-C1D8-40B5-8FDD-1114CADFA7B3}"
EndProject
Global
	GlobalSection(SolutionConfigurationPlatforms) = preSolution
		Debug|iPhoneSimulator = Debug|iPhoneSimulator
		Release|iPhone = Release|iPhone
		Release|iPhoneSimulator = Release|iPhoneSimulator
		Debug|iPhone = Debug|iPhone
	EndGlobalSection
	GlobalSection(ProjectConfigurationPlatforms) = postSolution
		{4C2AF16C-C1D8-40B5-8FDD-1114CADFA7B3}.Debug|iPhoneSimulator.ActiveCfg = Debug|iPhoneSimulator
		{4C2AF16C-C1D8-40B5-8FDD-1114CADFA7B3}.Debug|iPhoneSimulator.Build.0 = Debug|iPhoneSimulator
		{4C2AF16C-C1D8-40B5-8FDD-1114CADFA7B3}.Release|iPhone.ActiveCfg = Release|iPhone
		{4C2AF16C-C1D8-40B5-8FDD-1114CADFA7B3}.Release|iPhone.Build.0 = Release|iPhone
		{4C2AF16C-C1D8-40B5-8FDD-1114CADFA7B3}.Release|iPhoneSimulator.ActiveCfg = Release|iPhoneSimulator
		{4C2AF16C-C1D8-40B5-8FDD-1114CADFA7B3}.Release|iPhoneSimulator.Build.0 = Release|iPhoneSimulator
		{4C2AF16C-C1D8-40B5-8FDD-1114CADFA7B3}.Debug|iPhone.ActiveCfg = Debug|iPhone
		{4C2AF16C-C1D8-40B5-8FDD-1114CADFA7B3}.Debug|iPhone.Build.0 = Debug|iPhone
	EndGlobalSection
EndGlobal
