
Microsoft Visual Studio Solution File, Format Version 12.00
# Visual Studio 2012
Project("{FAE04EC0-301F-11D3-BF4B-00C04F79EFBC}") = "iOSInputOutput", "iOSInputOutput\iOSInputOutput.csproj", "{BA77ED69-A8EF-4C02-99F8-DF8D2A97DD19}"
EndProject
Global
	GlobalSection(SolutionConfigurationPlatforms) = preSolution
		Debug|iPhoneSimulator = Debug|iPhoneSimulator
		Release|iPhone = Release|iPhone
		Release|iPhoneSimulator = Release|iPhoneSimulator
		Debug|iPhone = Debug|iPhone
	EndGlobalSection
	GlobalSection(ProjectConfigurationPlatforms) = postSolution
		{BA77ED69-A8EF-4C02-99F8-DF8D2A97DD19}.Debug|iPhoneSimulator.ActiveCfg = Debug|iPhoneSimulator
		{BA77ED69-A8EF-4C02-99F8-DF8D2A97DD19}.Debug|iPhoneSimulator.Build.0 = Debug|iPhoneSimulator
		{BA77ED69-A8EF-4C02-99F8-DF8D2A97DD19}.Release|iPhone.ActiveCfg = Release|iPhone
		{BA77ED69-A8EF-4C02-99F8-DF8D2A97DD19}.Release|iPhone.Build.0 = Release|iPhone
		{BA77ED69-A8EF-4C02-99F8-DF8D2A97DD19}.Release|iPhoneSimulator.ActiveCfg = Release|iPhoneSimulator
		{BA77ED69-A8EF-4C02-99F8-DF8D2A97DD19}.Release|iPhoneSimulator.Build.0 = Release|iPhoneSimulator
		{BA77ED69-A8EF-4C02-99F8-DF8D2A97DD19}.Debug|iPhone.ActiveCfg = Debug|iPhone
		{BA77ED69-A8EF-4C02-99F8-DF8D2A97DD19}.Debug|iPhone.Build.0 = Debug|iPhone
	EndGlobalSection
EndGlobal
